
Microsoft Visual Studio Solution File, Format Version 12.00
# Visual Studio Version 17
VisualStudioVersion = 17.5.33414.496
MinimumVisualStudioVersion = 10.0.40219.1
Project("{FAE04EC0-301F-11D3-BF4B-00C04F79EFBC}") = "StateMVC", "StateMVC\StateMVC.csproj", "{3BE32E7C-DC76-4380-A7AF-ADF77AF93A49}"
EndProject
Global
	GlobalSection(SolutionConfigurationPlatforms) = preSolution
		Debug|Any CPU = Debug|Any CPU
		Release|Any CPU = Release|Any CPU
	EndGlobalSection
	GlobalSection(ProjectConfigurationPlatforms) = postSolution
		{3BE32E7C-DC76-4380-A7AF-ADF77AF93A49}.Debug|Any CPU.ActiveCfg = Debug|Any CPU
		{3BE32E7C-DC76-4380-A7AF-ADF77AF93A49}.Debug|Any CPU.Build.0 = Debug|Any CPU
		{3BE32E7C-DC76-4380-A7AF-ADF77AF93A49}.Release|Any CPU.ActiveCfg = Release|Any CPU
		{3BE32E7C-DC76-4380-A7AF-ADF77AF93A49}.Release|Any CPU.Build.0 = Release|Any CPU
	EndGlobalSection
	GlobalSection(SolutionProperties) = preSolution
		HideSolutionNode = FALSE
	EndGlobalSection
	GlobalSection(ExtensibilityGlobals) = postSolution
		SolutionGuid = {638FEAC8-0A90-41EF-A829-77F08C9F497B}
	EndGlobalSection
EndGlobal
